
Microsoft Visual Studio Solution File, Format Version 12.00
# Visual Studio for Mac
Project("{FAE04EC0-301F-11D3-BF4B-00C04F79EFBC}") = "NeuronPlot", "NeuronPlot.csproj", "{B352FEA8-49E1-921B-1734-23376E677680}"
EndProject
Project("{FAE04EC0-301F-11D3-BF4B-00C04F79EFBC}") = "NeuronPlot.Editor", "NeuronPlot.Editor.csproj", "{0E524D4F-7DC9-9711-E81F-D8838335A1EB}"
EndProject
Global
	GlobalSection(SolutionConfigurationPlatforms) = preSolution
		Debug|Any CPU = Debug|Any CPU
		Release|Any CPU = Release|Any CPU
	EndGlobalSection
	GlobalSection(ProjectConfigurationPlatforms) = postSolution
		{B352FEA8-49E1-921B-1734-23376E677680}.Debug|Any CPU.ActiveCfg = Debug|Any CPU
		{B352FEA8-49E1-921B-1734-23376E677680}.Debug|Any CPU.Build.0 = Debug|Any CPU
		{B352FEA8-49E1-921B-1734-23376E677680}.Release|Any CPU.ActiveCfg = Release|Any CPU
		{B352FEA8-49E1-921B-1734-23376E677680}.Release|Any CPU.Build.0 = Release|Any CPU
		{0E524D4F-7DC9-9711-E81F-D8838335A1EB}.Debug|Any CPU.ActiveCfg = Debug|Any CPU
		{0E524D4F-7DC9-9711-E81F-D8838335A1EB}.Debug|Any CPU.Build.0 = Debug|Any CPU
		{0E524D4F-7DC9-9711-E81F-D8838335A1EB}.Release|Any CPU.ActiveCfg = Release|Any CPU
		{0E524D4F-7DC9-9711-E81F-D8838335A1EB}.Release|Any CPU.Build.0 = Release|Any CPU
	EndGlobalSection
	GlobalSection(SolutionProperties) = preSolution
		HideSolutionNode = FALSE
	EndGlobalSection
EndGlobal
